{
  "name": "MarvelousSquishyConnectionMachine",
  "version": "0.0.0",
  "lockfileVersion": 2,
  "requires": true,
  "packages": {
    "": {
      "name": "MarvelousSquishyConnectionMachine",
      "version": "0.0.0",
      "dependencies": {
        "body-parser": "~1.15.2",
        "cookie-parser": "~1.4.3",
        "debug": "~2.2.0",
        "express": "~4.14.0",
        "morgan": "~1.7.0",
        "pug": "~2.0.0-beta6",
        "serve-favicon": "~2.3.0",
        "stylus": "0.54.5",
        "uuid": "^9.0.0"
      }
    },
    "node_modules/accepts": {
      "version": "1.3.3",
      "license": "MIT",
      "dependencies": {
        "mime-types": "~2.1.11",
        "negotiator": "0.6.1"
      },
      "engines": {
        "node": ">= 0.6"
      }
    },
    "node_modules/acorn": {
      "version": "3.3.0",
      "license": "MIT",
      "bin": {
        "acorn": "bin/acorn"
      },
      "engines": {
        "node": ">=0.4.0"
      }
    },
    "node_modules/acorn-globals": {
      "version": "3.0.0",
      "license": "MIT",
      "dependencies": {
        "acorn": "^3.1.0"
      }
    },
    "node_modules/align-text": {
      "version": "0.1.4",
      "license": "MIT",
      "dependencies": {
        "kind-of": "^3.0.2",
        "longest": "^1.0.1",
        "repeat-string": "^1.5.2"
      },
      "engines": {
        "node": ">=0.10.0"
      }
    },
    "node_modules/amdefine": {
      "version": "1.0.1",
      "license": "BSD-3-Clause OR MIT",
      "engines": {
        "node": ">=0.4.2"
      }
    },
    "node_modules/array-flatten": {
      "version": "1.1.1",
      "license": "MIT"
    },
    "node_modules/asap": {
      "version": "2.0.5",
      "license": "MIT"
    },
    "node_modules/async": {
      "version": "0.2.10"
    },
    "node_modules/balanced-match": {
      "version": "0.4.2",
      "license": "MIT"
    },
    "node_modules/basic-auth": {
      "version": "1.0.4",
      "license": "MIT",
      "engines": {
        "node": ">= 0.6"
      }
    },
    "node_modules/body-parser": {
      "version": "1.15.2",
      "license": "MIT",
      "dependencies": {
        "bytes": "2.4.0",
        "content-type": "~1.0.2",
        "debug": "~2.2.0",
        "depd": "~1.1.0",
        "http-errors": "~1.5.0",
        "iconv-lite": "0.4.13",
        "on-finished": "~2.3.0",
        "qs": "6.2.0",
        "raw-body": "~2.1.7",
        "type-is": "~1.6.13"
      },
      "engines": {
        "node": ">= 0.8"
      }
    },
    "node_modules/brace-expansion": {
      "version": "1.1.6",
      "license": "MIT",
      "dependencies": {
        "balanced-match": "^0.4.1",
        "concat-map": "0.0.1"
      }
    },
    "node_modules/bytes": {
      "version": "2.4.0",
      "license": "MIT"
    },
    "node_modules/camelcase": {
      "version": "1.2.1",
      "license": "MIT",
      "engines": {
        "node": ">=0.10.0"
      }
    },
    "node_modules/center-align": {
      "version": "0.1.3",
      "license": "MIT",
      "dependencies": {
        "align-text": "^0.1.3",
        "lazy-cache": "^1.0.3"
      },
      "engines": {
        "node": ">=0.10.0"
      }
    },
    "node_modules/character-parser": {
      "version": "2.2.0",
      "license": "MIT",
      "dependencies": {
        "is-regex": "^1.0.3"
      }
    },
    "node_modules/clean-css": {
      "version": "3.4.22",
      "license": "MIT",
      "dependencies": {
        "commander": "2.8.x",
        "source-map": "0.4.x"
      },
      "bin": {
        "cleancss": "bin/cleancss"
      },
      "engines": {
        "node": ">=0.10.0"
      }
    },
    "node_modules/cliui": {
      "version": "2.1.0",
      "license": "ISC",
      "dependencies": {
        "center-align": "^0.1.1",
        "right-align": "^0.1.1",
        "wordwrap": "0.0.2"
      }
    },
    "node_modules/commander": {
      "version": "2.8.1",
      "license": "MIT",
      "dependencies": {
        "graceful-readlink": ">= 1.0.0"
      },
      "engines": {
        "node": ">= 0.6.x"
      }
    },
    "node_modules/concat-map": {
      "version": "0.0.1",
      "license": "MIT"
    },
    "node_modules/constantinople": {
      "version": "3.1.0",
      "license": "MIT",
      "dependencies": {
        "acorn": "^3.1.0",
        "is-expression": "^2.0.1"
      }
    },
    "node_modules/content-disposition": {
      "version": "0.5.1",
      "license": "MIT",
      "engines": {
        "node": ">= 0.6"
      }
    },
    "node_modules/content-type": {
      "version": "1.0.2",
      "license": "MIT",
      "engines": {
        "node": ">= 0.6"
      }
    },
    "node_modules/cookie": {
      "version": "0.3.1",
      "license": "MIT",
      "engines": {
        "node": ">= 0.6"
      }
    },
    "node_modules/cookie-parser": {
      "version": "1.4.3",
      "license": "MIT",
      "dependencies": {
        "cookie": "0.3.1",
        "cookie-signature": "1.0.6"
      },
      "engines": {
        "node": ">= 0.8.0"
      }
    },
    "node_modules/cookie-signature": {
      "version": "1.0.6",
      "license": "MIT"
    },
    "node_modules/css-parse": {
      "version": "1.7.0",
      "license": "MIT"
    },
    "node_modules/debug": {
      "version": "2.2.0",
      "license": "MIT",
      "dependencies": {
        "ms": "0.7.1"
      }
    },
    "node_modules/decamelize": {
      "version": "1.2.0",
      "license": "MIT",
      "engines": {
        "node": ">=0.10.0"
      }
    },
    "node_modules/depd": {
      "version": "1.1.0",
      "license": "MIT",
      "engines": {
        "node": ">= 0.6"
      }
    },
    "node_modules/destroy": {
      "version": "1.0.4",
      "license": "MIT"
    },
    "node_modules/doctypes": {
      "version": "1.1.0",
      "license": "MIT"
    },
    "node_modules/ee-first": {
      "version": "1.1.1",
      "license": "MIT"
    },
    "node_modules/encodeurl": {
      "version": "1.0.1",
      "license": "MIT",
      "engines": {
        "node": ">= 0.8"
      }
    },
    "node_modules/escape-html": {
      "version": "1.0.3",
      "license": "MIT"
    },
    "node_modules/etag": {
      "version": "1.7.0",
      "license": "MIT",
      "engines": {
        "node": ">= 0.6"
      }
    },
    "node_modules/express": {
      "version": "4.14.0",
      "license": "MIT",
      "dependencies": {
        "accepts": "~1.3.3",
        "array-flatten": "1.1.1",
        "content-disposition": "0.5.1",
        "content-type": "~1.0.2",
        "cookie": "0.3.1",
        "cookie-signature": "1.0.6",
        "debug": "~2.2.0",
        "depd": "~1.1.0",
        "encodeurl": "~1.0.1",
        "escape-html": "~1.0.3",
        "etag": "~1.7.0",
        "finalhandler": "0.5.0",
        "fresh": "0.3.0",
        "merge-descriptors": "1.0.1",
        "methods": "~1.1.2",
        "on-finished": "~2.3.0",
        "parseurl": "~1.3.1",
        "path-to-regexp": "0.1.7",
        "proxy-addr": "~1.1.2",
        "qs": "6.2.0",
        "range-parser": "~1.2.0",
        "send": "0.14.1",
        "serve-static": "~1.11.1",
        "type-is": "~1.6.13",
        "utils-merge": "1.0.0",
        "vary": "~1.1.0"
      },
      "engines": {
        "node": ">= 0.10.0"
      }
    },
    "node_modules/finalhandler": {
      "version": "0.5.0",
      "license": "MIT",
      "dependencies": {
        "debug": "~2.2.0",
        "escape-html": "~1.0.3",
        "on-finished": "~2.3.0",
        "statuses": "~1.3.0",
        "unpipe": "~1.0.0"
      },
      "engines": {
        "node": ">= 0.8"
      }
    },
    "node_modules/forwarded": {
      "version": "0.1.0",
      "license": "MIT",
      "engines": {
        "node": ">= 0.6"
      }
    },
    "node_modules/fresh": {
      "version": "0.3.0",
      "license": "MIT",
      "engines": {
        "node": ">= 0.6"
      }
    },
    "node_modules/fs.realpath": {
      "version": "1.0.0",
      "license": "ISC"
    },
    "node_modules/glob": {
      "version": "7.0.6",
      "license": "ISC",
      "dependencies": {
        "fs.realpath": "^1.0.0",
        "inflight": "^1.0.4",
        "inherits": "2",
        "minimatch": "^3.0.2",
        "once": "^1.3.0",
        "path-is-absolute": "^1.0.0"
      },
      "engines": {
        "node": "*"
      }
    },
    "node_modules/graceful-readlink": {
      "version": "1.0.1",
      "license": "MIT"
    },
    "node_modules/http-errors": {
      "version": "1.5.1",
      "license": "MIT",
      "dependencies": {
        "inherits": "2.0.3",
        "setprototypeof": "1.0.2",
        "statuses": ">= 1.3.1 < 2"
      },
      "engines": {
        "node": ">= 0.6"
      }
    },
    "node_modules/iconv-lite": {
      "version": "0.4.13",
      "license": "MIT",
      "engines": {
        "node": ">=0.8.0"
      }
    },
    "node_modules/inflight": {
      "version": "1.0.6",
      "license": "ISC",
      "dependencies": {
        "once": "^1.3.0",
        "wrappy": "1"
      }
    },
    "node_modules/inherits": {
      "version": "2.0.3",
      "license": "ISC"
    },
    "node_modules/ipaddr.js": {
      "version": "1.1.1",
      "license": "MIT",
      "engines": {
        "node": ">= 0.10"
      }
    },
    "node_modules/is-buffer": {
      "version": "1.1.4",
      "license": "MIT"
    },
    "node_modules/is-expression": {
      "version": "2.1.0",
      "license": "MIT",
      "dependencies": {
        "acorn": "~3.3.0",
        "object-assign": "^4.0.1"
      }
    },
    "node_modules/is-promise": {
      "version": "2.1.0",
      "license": "MIT"
    },
    "node_modules/is-regex": {
      "version": "1.0.3",
      "license": "MIT",
      "engines": {
        "node": ">= 0.4"
      }
    },
    "node_modules/js-stringify": {
      "version": "1.0.2",
      "license": "MIT"
    },
    "node_modules/jstransformer": {
      "version": "1.0.0",
      "license": "MIT",
      "dependencies": {
        "is-promise": "^2.0.0",
        "promise": "^7.0.1"
      }
    },
    "node_modules/kind-of": {
      "version": "3.1.0",
      "license": "MIT",
      "dependencies": {
        "is-buffer": "^1.0.2"
      },
      "engines": {
        "node": ">=0.10.0"
      }
    },
    "node_modules/lazy-cache": {
      "version": "1.0.4",
      "license": "MIT",
      "engines": {
        "node": ">=0.10.0"
      }
    },
    "node_modules/longest": {
      "version": "1.0.1",
      "license": "MIT",
      "engines": {
        "node": ">=0.10.0"
      }
    },
    "node_modules/media-typer": {
      "version": "0.3.0",
      "license": "MIT",
      "engines": {
        "node": ">= 0.6"
      }
    },
    "node_modules/merge-descriptors": {
      "version": "1.0.1",
      "license": "MIT"
    },
    "node_modules/methods": {
      "version": "1.1.2",
      "license": "MIT",
      "engines": {
        "node": ">= 0.6"
      }
    },
    "node_modules/mime": {
      "version": "1.3.4",
      "bin": {
        "mime": "cli.js"
      }
    },
    "node_modules/mime-db": {
      "version": "1.25.0",
      "license": "MIT",
      "engines": {
        "node": ">= 0.6"
      }
    },
    "node_modules/mime-types": {
      "version": "2.1.13",
      "license": "MIT",
      "dependencies": {
        "mime-db": "~1.25.0"
      },
      "engines": {
        "node": ">= 0.6"
      }
    },
    "node_modules/minimatch": {
      "version": "3.0.3",
      "license": "ISC",
      "dependencies": {
        "brace-expansion": "^1.0.0"
      },
      "engines": {
        "node": "*"
      }
    },
    "node_modules/minimist": {
      "version": "0.0.8",
      "license": "MIT"
    },
    "node_modules/mkdirp": {
      "version": "0.5.1",
      "license": "MIT",
      "dependencies": {
        "minimist": "0.0.8"
      },
      "bin": {
        "mkdirp": "bin/cmd.js"
      }
    },
    "node_modules/morgan": {
      "version": "1.7.0",
      "license": "MIT",
      "dependencies": {
        "basic-auth": "~1.0.3",
        "debug": "~2.2.0",
        "depd": "~1.1.0",
        "on-finished": "~2.3.0",
        "on-headers": "~1.0.1"
      },
      "engines": {
        "node": ">= 0.8.0"
      }
    },
    "node_modules/ms": {
      "version": "0.7.1"
    },
    "node_modules/negotiator": {
      "version": "0.6.1",
      "license": "MIT",
      "engines": {
        "node": ">= 0.6"
      }
    },
    "node_modules/object-assign": {
      "version": "4.1.0",
      "license": "MIT",
      "engines": {
        "node": ">=0.10.0"
      }
    },
    "node_modules/on-finished": {
      "version": "2.3.0",
      "license": "MIT",
      "dependencies": {
        "ee-first": "1.1.1"
      },
      "engines": {
        "node": ">= 0.8"
      }
    },
    "node_modules/on-headers": {
      "version": "1.0.1",
      "license": "MIT",
      "engines": {
        "node": ">= 0.8"
      }
    },
    "node_modules/once": {
      "version": "1.4.0",
      "license": "ISC",
      "dependencies": {
        "wrappy": "1"
      }
    },
    "node_modules/parseurl": {
      "version": "1.3.1",
      "license": "MIT",
      "engines": {
        "node": ">= 0.8"
      }
    },
    "node_modules/path-is-absolute": {
      "version": "1.0.1",
      "license": "MIT",
      "engines": {
        "node": ">=0.10.0"
      }
    },
    "node_modules/path-to-regexp": {
      "version": "0.1.7",
      "license": "MIT"
    },
    "node_modules/promise": {
      "version": "7.1.1",
      "license": "MIT",
      "dependencies": {
        "asap": "~2.0.3"
      }
    },
    "node_modules/proxy-addr": {
      "version": "1.1.2",
      "license": "MIT",
      "dependencies": {
        "forwarded": "~0.1.0",
        "ipaddr.js": "1.1.1"
      },
      "engines": {
        "node": ">= 0.6"
      }
    },
    "node_modules/pug": {
      "version": "2.0.0-beta6",
      "license": "MIT",
      "dependencies": {
        "pug-code-gen": "^1.1.0",
        "pug-filters": "^1.2.4",
        "pug-lexer": "^2.2.0",
        "pug-linker": "^1.0.1",
        "pug-load": "^2.0.3",
        "pug-parser": "^2.0.1",
        "pug-runtime": "^2.0.2",
        "pug-strip-comments": "^1.0.1"
      }
    },
    "node_modules/pug-attrs": {
      "version": "2.0.1",
      "license": "MIT",
      "dependencies": {
        "constantinople": "^3.0.1",
        "js-stringify": "^1.0.1",
        "pug-runtime": "^2.0.0"
      }
    },
    "node_modules/pug-code-gen": {
      "version": "1.1.0",
      "license": "MIT",
      "dependencies": {
        "constantinople": "^3.0.1",
        "doctypes": "^1.1.0",
        "js-stringify": "^1.0.1",
        "pug-attrs": "^2.0.1",
        "pug-error": "^1.3.0",
        "pug-runtime": "^2.0.0",
        "void-elements": "^2.0.1",
        "with": "^5.0.0"
      }
    },
    "node_modules/pug-error": {
      "version": "1.3.1",
      "license": "MIT"
    },
    "node_modules/pug-filters": {
      "version": "1.2.4",
      "license": "MIT",
      "dependencies": {
        "clean-css": "^3.3.0",
        "constantinople": "^3.0.1",
        "jstransformer": "1.0.0",
        "pug-error": "^1.3.0",
        "pug-walk": "^1.0.0",
        "resolve": "^1.1.6",
        "uglify-js": "^2.6.1"
      }
    },
    "node_modules/pug-lexer": {
      "version": "2.3.0",
      "license": "MIT",
      "dependencies": {
        "character-parser": "^2.1.1",
        "is-expression": "^3.0.0",
        "pug-error": "^1.3.0"
      }
    },
    "node_modules/pug-lexer/node_modules/acorn": {
      "version": "4.0.3",
      "license": "MIT",
      "bin": {
        "acorn": "bin/acorn"
      },
      "engines": {
        "node": ">=0.4.0"
      }
    },
    "node_modules/pug-lexer/node_modules/is-expression": {
      "version": "3.0.0",
      "license": "MIT",
      "dependencies": {
        "acorn": "~4.0.2",
        "object-assign": "^4.0.1"
      }
    },
    "node_modules/pug-linker": {
      "version": "1.0.1",
      "license": "MIT",
      "dependencies": {
        "pug-error": "^1.3.0",
        "pug-walk": "^1.0.0"
      }
    },
    "node_modules/pug-load": {
      "version": "2.0.3",
      "license": "MIT",
      "dependencies": {
        "object-assign": "^4.1.0",
        "pug-walk": "^1.0.0"
      }
    },
    "node_modules/pug-parser": {
      "version": "2.0.1",
      "license": "MIT",
      "dependencies": {
        "pug-error": "^1.3.0",
        "token-stream": "0.0.1"
      }
    },
    "node_modules/pug-runtime": {
      "version": "2.0.2",
      "license": "MIT"
    },
    "node_modules/pug-strip-comments": {
      "version": "1.0.1",
      "license": "MIT",
      "dependencies": {
        "pug-error": "^1.0.0"
      }
    },
    "node_modules/pug-walk": {
      "version": "1.0.0",
      "license": "MIT"
    },
    "node_modules/qs": {
      "version": "6.2.0",
      "license": "BSD-3-Clause",
      "engines": {
        "node": ">=0.6"
      }
    },
    "node_modules/range-parser": {
      "version": "1.2.0",
      "license": "MIT",
      "engines": {
        "node": ">= 0.6"
      }
    },
    "node_modules/raw-body": {
      "version": "2.1.7",
      "license": "MIT",
      "dependencies": {
        "bytes": "2.4.0",
        "iconv-lite": "0.4.13",
        "unpipe": "1.0.0"
      },
      "engines": {
        "node": ">= 0.8"
      }
    },
    "node_modules/repeat-string": {
      "version": "1.6.1",
      "license": "MIT",
      "engines": {
        "node": ">=0.10"
      }
    },
    "node_modules/resolve": {
      "version": "1.2.0",
      "license": "MIT"
    },
    "node_modules/right-align": {
      "version": "0.1.3",
      "license": "MIT",
      "dependencies": {
        "align-text": "^0.1.1"
      },
      "engines": {
        "node": ">=0.10.0"
      }
    },
    "node_modules/sax": {
      "version": "0.5.8",
      "license": "BSD"
    },
    "node_modules/send": {
      "version": "0.14.1",
      "license": "MIT",
      "dependencies": {
        "debug": "~2.2.0",
        "depd": "~1.1.0",
        "destroy": "~1.0.4",
        "encodeurl": "~1.0.1",
        "escape-html": "~1.0.3",
        "etag": "~1.7.0",
        "fresh": "0.3.0",
        "http-errors": "~1.5.0",
        "mime": "1.3.4",
        "ms": "0.7.1",
        "on-finished": "~2.3.0",
        "range-parser": "~1.2.0",
        "statuses": "~1.3.0"
      },
      "engines": {
        "node": ">= 0.8.0"
      }
    },
    "node_modules/serve-favicon": {
      "version": "2.3.2",
      "license": "MIT",
      "dependencies": {
        "etag": "~1.7.0",
        "fresh": "0.3.0",
        "ms": "0.7.2",
        "parseurl": "~1.3.1"
      },
      "engines": {
        "node": ">= 0.8.0"
      }
    },
    "node_modules/serve-favicon/node_modules/ms": {
      "version": "0.7.2",
      "license": "MIT"
    },
    "node_modules/serve-static": {
      "version": "1.11.1",
      "license": "MIT",
      "dependencies": {
        "encodeurl": "~1.0.1",
        "escape-html": "~1.0.3",
        "parseurl": "~1.3.1",
        "send": "0.14.1"
      },
      "engines": {
        "node": ">= 0.8.0"
      }
    },
    "node_modules/setprototypeof": {
      "version": "1.0.2",
      "license": "ISC"
    },
    "node_modules/source-map": {
      "version": "0.4.4",
      "license": "BSD-3-Clause",
      "dependencies": {
        "amdefine": ">=0.0.4"
      },
      "engines": {
        "node": ">=0.8.0"
      }
    },
    "node_modules/statuses": {
      "version": "1.3.1",
      "license": "MIT",
      "engines": {
        "node": ">= 0.6"
      }
    },
    "node_modules/stylus": {
      "version": "0.54.5",
      "license": "MIT",
      "dependencies": {
        "css-parse": "1.7.x",
        "debug": "*",
        "glob": "7.0.x",
        "mkdirp": "0.5.x",
        "sax": "0.5.x",
        "source-map": "0.1.x"
      },
      "bin": {
        "stylus": "bin/stylus"
      },
      "engines": {
        "node": "*"
      }
    },
    "node_modules/stylus/node_modules/source-map": {
      "version": "0.1.43",
      "dependencies": {
        "amdefine": ">=0.0.4"
      },
      "engines": {
        "node": ">=0.8.0"
      }
    },
    "node_modules/token-stream": {
      "version": "0.0.1",
      "license": "MIT"
    },
    "node_modules/type-is": {
      "version": "1.6.14",
      "license": "MIT",
      "dependencies": {
        "media-typer": "0.3.0",
        "mime-types": "~2.1.13"
      },
      "engines": {
        "node": ">= 0.6"
      }
    },
    "node_modules/uglify-js": {
      "version": "2.7.5",
      "license": "BSD-2-Clause",
      "dependencies": {
        "async": "~0.2.6",
        "source-map": "~0.5.1",
        "uglify-to-browserify": "~1.0.0",
        "yargs": "~3.10.0"
      },
      "bin": {
        "uglifyjs": "bin/uglifyjs"
      },
      "engines": {
        "node": ">=0.8.0"
      }
    },
    "node_modules/uglify-js/node_modules/source-map": {
      "version": "0.5.6",
      "license": "BSD-3-Clause",
      "engines": {
        "node": ">=0.10.0"
      }
    },
    "node_modules/uglify-to-browserify": {
      "version": "1.0.2",
      "license": "MIT"
    },
    "node_modules/unpipe": {
      "version": "1.0.0",
      "license": "MIT",
      "engines": {
        "node": ">= 0.8"
      }
    },
    "node_modules/utils-merge": {
      "version": "1.0.0",
      "engines": {
        "node": ">= 0.4.0"
      }
    },
    "node_modules/uuid": {
      "version": "9.0.0",
      "resolved": "https://registry.npmjs.org/uuid/-/uuid-9.0.0.tgz",
      "integrity": "sha512-MXcSTerfPa4uqyzStbRoTgt5XIe3x5+42+q1sDuy3R5MDk66URdLMOZe5aPX/SQd+kuYAh0FdP/pO28IkQyTeg==",
      "bin": {
        "uuid": "dist/bin/uuid"
      }
    },
    "node_modules/vary": {
      "version": "1.1.0",
      "license": "MIT",
      "engines": {
        "node": ">= 0.8"
      }
    },
    "node_modules/void-elements": {
      "version": "2.0.1",
      "license": "MIT",
      "engines": {
        "node": ">=0.10.0"
      }
    },
    "node_modules/window-size": {
      "version": "0.1.0",
      "engines": {
        "node": ">= 0.8.0"
      }
    },
    "node_modules/with": {
      "version": "5.1.1",
      "license": "MIT",
      "dependencies": {
        "acorn": "^3.1.0",
        "acorn-globals": "^3.0.0"
      }
    },
    "node_modules/wordwrap": {
      "version": "0.0.2",
      "license": "MIT/X11",
      "engines": {
        "node": ">=0.4.0"
      }
    },
    "node_modules/wrappy": {
      "version": "1.0.2",
      "license": "ISC"
    },
    "node_modules/yargs": {
      "version": "3.10.0",
      "license": "MIT",
      "dependencies": {
        "camelcase": "^1.0.2",
        "cliui": "^2.1.0",
        "decamelize": "^1.0.0",
        "window-size": "0.1.0"
      }
    }
  },
  "dependencies": {
    "accepts": {
      "version": "1.3.3",
      "requires": {
        "mime-types": "~2.1.11",
        "negotiator": "0.6.1"
      }
    },
    "acorn": {
      "version": "3.3.0"
    },
    "acorn-globals": {
      "version": "3.0.0",
      "requires": {
        "acorn": "^3.1.0"
      }
    },
    "align-text": {
      "version": "0.1.4",
      "requires": {
        "kind-of": "^3.0.2",
        "longest": "^1.0.1",
        "repeat-string": "^1.5.2"
      }
    },
    "amdefine": {
      "version": "1.0.1"
    },
    "array-flatten": {
      "version": "1.1.1"
    },
    "asap": {
      "version": "2.0.5"
    },
    "async": {
      "version": "0.2.10"
    },
    "balanced-match": {
      "version": "0.4.2"
    },
    "basic-auth": {
      "version": "1.0.4"
    },
    "body-parser": {
      "version": "1.15.2",
      "requires": {
        "bytes": "2.4.0",
        "content-type": "~1.0.2",
        "debug": "~2.2.0",
        "depd": "~1.1.0",
        "http-errors": "~1.5.0",
        "iconv-lite": "0.4.13",
        "on-finished": "~2.3.0",
        "qs": "6.2.0",
        "raw-body": "~2.1.7",
        "type-is": "~1.6.13"
      }
    },
    "brace-expansion": {
      "version": "1.1.6",
      "requires": {
        "balanced-match": "^0.4.1",
        "concat-map": "0.0.1"
      }
    },
    "bytes": {
      "version": "2.4.0"
    },
    "camelcase": {
      "version": "1.2.1"
    },
    "center-align": {
      "version": "0.1.3",
      "requires": {
        "align-text": "^0.1.3",
        "lazy-cache": "^1.0.3"
      }
    },
    "character-parser": {
      "version": "2.2.0",
      "requires": {
        "is-regex": "^1.0.3"
      }
    },
    "clean-css": {
      "version": "3.4.22",
      "requires": {
        "commander": "2.8.x",
        "source-map": "0.4.x"
      }
    },
    "cliui": {
      "version": "2.1.0",
      "requires": {
        "center-align": "^0.1.1",
        "right-align": "^0.1.1",
        "wordwrap": "0.0.2"
      }
    },
    "commander": {
      "version": "2.8.1",
      "requires": {
        "graceful-readlink": ">= 1.0.0"
      }
    },
    "concat-map": {
      "version": "0.0.1"
    },
    "constantinople": {
      "version": "3.1.0",
      "requires": {
        "acorn": "^3.1.0",
        "is-expression": "^2.0.1"
      }
    },
    "content-disposition": {
      "version": "0.5.1"
    },
    "content-type": {
      "version": "1.0.2"
    },
    "cookie": {
      "version": "0.3.1"
    },
    "cookie-parser": {
      "version": "1.4.3",
      "requires": {
        "cookie": "0.3.1",
        "cookie-signature": "1.0.6"
      }
    },
    "cookie-signature": {
      "version": "1.0.6"
    },
    "css-parse": {
      "version": "1.7.0"
    },
    "debug": {
      "version": "2.2.0",
      "requires": {
        "ms": "0.7.1"
      }
    },
    "decamelize": {
      "version": "1.2.0"
    },
    "depd": {
      "version": "1.1.0"
    },
    "destroy": {
      "version": "1.0.4"
    },
    "doctypes": {
      "version": "1.1.0"
    },
    "ee-first": {
      "version": "1.1.1"
    },
    "encodeurl": {
      "version": "1.0.1"
    },
    "escape-html": {
      "version": "1.0.3"
    },
    "etag": {
      "version": "1.7.0"
    },
    "express": {
      "version": "4.14.0",
      "requires": {
        "accepts": "~1.3.3",
        "array-flatten": "1.1.1",
        "content-disposition": "0.5.1",
        "content-type": "~1.0.2",
        "cookie": "0.3.1",
        "cookie-signature": "1.0.6",
        "debug": "~2.2.0",
        "depd": "~1.1.0",
        "encodeurl": "~1.0.1",
        "escape-html": "~1.0.3",
        "etag": "~1.7.0",
        "finalhandler": "0.5.0",
        "fresh": "0.3.0",
        "merge-descriptors": "1.0.1",
        "methods": "~1.1.2",
        "on-finished": "~2.3.0",
        "parseurl": "~1.3.1",
        "path-to-regexp": "0.1.7",
        "proxy-addr": "~1.1.2",
        "qs": "6.2.0",
        "range-parser": "~1.2.0",
        "send": "0.14.1",
        "serve-static": "~1.11.1",
        "type-is": "~1.6.13",
        "utils-merge": "1.0.0",
        "vary": "~1.1.0"
      }
    },
    "finalhandler": {
      "version": "0.5.0",
      "requires": {
        "debug": "~2.2.0",
        "escape-html": "~1.0.3",
        "on-finished": "~2.3.0",
        "statuses": "~1.3.0",
        "unpipe": "~1.0.0"
      }
    },
    "forwarded": {
      "version": "0.1.0"
    },
    "fresh": {
      "version": "0.3.0"
    },
    "fs.realpath": {
      "version": "1.0.0"
    },
    "glob": {
      "version": "7.0.6",
      "requires": {
        "fs.realpath": "^1.0.0",
        "inflight": "^1.0.4",
        "inherits": "2",
        "minimatch": "^3.0.2",
        "once": "^1.3.0",
        "path-is-absolute": "^1.0.0"
      }
    },
    "graceful-readlink": {
      "version": "1.0.1"
    },
    "http-errors": {
      "version": "1.5.1",
      "requires": {
        "inherits": "2.0.3",
        "setprototypeof": "1.0.2",
        "statuses": ">= 1.3.1 < 2"
      }
    },
    "iconv-lite": {
      "version": "0.4.13"
    },
    "inflight": {
      "version": "1.0.6",
      "requires": {
        "once": "^1.3.0",
        "wrappy": "1"
      }
    },
    "inherits": {
      "version": "2.0.3"
    },
    "ipaddr.js": {
      "version": "1.1.1"
    },
    "is-buffer": {
      "version": "1.1.4"
    },
    "is-expression": {
      "version": "2.1.0",
      "requires": {
        "acorn": "~3.3.0",
        "object-assign": "^4.0.1"
      }
    },
    "is-promise": {
      "version": "2.1.0"
    },
    "is-regex": {
      "version": "1.0.3"
    },
    "js-stringify": {
      "version": "1.0.2"
    },
    "jstransformer": {
      "version": "1.0.0",
      "requires": {
        "is-promise": "^2.0.0",
        "promise": "^7.0.1"
      }
    },
    "kind-of": {
      "version": "3.1.0",
      "requires": {
        "is-buffer": "^1.0.2"
      }
    },
    "lazy-cache": {
      "version": "1.0.4"
    },
    "longest": {
      "version": "1.0.1"
    },
    "media-typer": {
      "version": "0.3.0"
    },
    "merge-descriptors": {
      "version": "1.0.1"
    },
    "methods": {
      "version": "1.1.2"
    },
    "mime": {
      "version": "1.3.4"
    },
    "mime-db": {
      "version": "1.25.0"
    },
    "mime-types": {
      "version": "2.1.13",
      "requires": {
        "mime-db": "~1.25.0"
      }
    },
    "minimatch": {
      "version": "3.0.3",
      "requires": {
        "brace-expansion": "^1.0.0"
      }
    },
    "minimist": {
      "version": "0.0.8"
    },
    "mkdirp": {
      "version": "0.5.1",
      "requires": {
        "minimist": "0.0.8"
      }
    },
    "morgan": {
      "version": "1.7.0",
      "requires": {
        "basic-auth": "~1.0.3",
        "debug": "~2.2.0",
        "depd": "~1.1.0",
        "on-finished": "~2.3.0",
        "on-headers": "~1.0.1"
      }
    },
    "ms": {
      "version": "0.7.1"
    },
    "negotiator": {
      "version": "0.6.1"
    },
    "object-assign": {
      "version": "4.1.0"
    },
    "on-finished": {
      "version": "2.3.0",
      "requires": {
        "ee-first": "1.1.1"
      }
    },
    "on-headers": {
      "version": "1.0.1"
    },
    "once": {
      "version": "1.4.0",
      "requires": {
        "wrappy": "1"
      }
    },
    "parseurl": {
      "version": "1.3.1"
    },
    "path-is-absolute": {
      "version": "1.0.1"
    },
    "path-to-regexp": {
      "version": "0.1.7"
    },
    "promise": {
      "version": "7.1.1",
      "requires": {
        "asap": "~2.0.3"
      }
    },
    "proxy-addr": {
      "version": "1.1.2",
      "requires": {
        "forwarded": "~0.1.0",
        "ipaddr.js": "1.1.1"
      }
    },
    "pug": {
      "version": "2.0.0-beta6",
      "requires": {
        "pug-code-gen": "^1.1.0",
        "pug-filters": "^1.2.4",
        "pug-lexer": "^2.2.0",
        "pug-linker": "^1.0.1",
        "pug-load": "^2.0.3",
        "pug-parser": "^2.0.1",
        "pug-runtime": "^2.0.2",
        "pug-strip-comments": "^1.0.1"
      }
    },
    "pug-attrs": {
      "version": "2.0.1",
      "requires": {
        "constantinople": "^3.0.1",
        "js-stringify": "^1.0.1",
        "pug-runtime": "^2.0.0"
      }
    },
    "pug-code-gen": {
      "version": "1.1.0",
      "requires": {
        "constantinople": "^3.0.1",
        "doctypes": "^1.1.0",
        "js-stringify": "^1.0.1",
        "pug-attrs": "^2.0.1",
        "pug-error": "^1.3.0",
        "pug-runtime": "^2.0.0",
        "void-elements": "^2.0.1",
        "with": "^5.0.0"
      }
    },
    "pug-error": {
      "version": "1.3.1"
    },
    "pug-filters": {
      "version": "1.2.4",
      "requires": {
        "clean-css": "^3.3.0",
        "constantinople": "^3.0.1",
        "jstransformer": "1.0.0",
        "pug-error": "^1.3.0",
        "pug-walk": "^1.0.0",
        "resolve": "^1.1.6",
        "uglify-js": "^2.6.1"
      }
    },
    "pug-lexer": {
      "version": "2.3.0",
      "requires": {
        "character-parser": "^2.1.1",
        "is-expression": "^3.0.0",
        "pug-error": "^1.3.0"
      },
      "dependencies": {
        "acorn": {
          "version": "4.0.3"
        },
        "is-expression": {
          "version": "3.0.0",
          "requires": {
            "acorn": "~4.0.2",
            "object-assign": "^4.0.1"
          }
        }
      }
    },
    "pug-linker": {
      "version": "1.0.1",
      "requires": {
        "pug-error": "^1.3.0",
        "pug-walk": "^1.0.0"
      }
    },
    "pug-load": {
      "version": "2.0.3",
      "requires": {
        "object-assign": "^4.1.0",
        "pug-walk": "^1.0.0"
      }
    },
    "pug-parser": {
      "version": "2.0.1",
      "requires": {
        "pug-error": "^1.3.0",
        "token-stream": "0.0.1"
      }
    },
    "pug-runtime": {
      "version": "2.0.2"
    },
    "pug-strip-comments": {
      "version": "1.0.1",
      "requires": {
        "pug-error": "^1.0.0"
      }
    },
    "pug-walk": {
      "version": "1.0.0"
    },
    "qs": {
      "version": "6.2.0"
    },
    "range-parser": {
      "version": "1.2.0"
    },
    "raw-body": {
      "version": "2.1.7",
      "requires": {
        "bytes": "2.4.0",
        "iconv-lite": "0.4.13",
        "unpipe": "1.0.0"
      }
    },
    "repeat-string": {
      "version": "1.6.1"
    },
    "resolve": {
      "version": "1.2.0"
    },
    "right-align": {
      "version": "0.1.3",
      "requires": {
        "align-text": "^0.1.1"
      }
    },
    "sax": {
      "version": "0.5.8"
    },
    "send": {
      "version": "0.14.1",
      "requires": {
        "debug": "~2.2.0",
        "depd": "~1.1.0",
        "destroy": "~1.0.4",
        "encodeurl": "~1.0.1",
        "escape-html": "~1.0.3",
        "etag": "~1.7.0",
        "fresh": "0.3.0",
        "http-errors": "~1.5.0",
        "mime": "1.3.4",
        "ms": "0.7.1",
        "on-finished": "~2.3.0",
        "range-parser": "~1.2.0",
        "statuses": "~1.3.0"
      }
    },
    "serve-favicon": {
      "version": "2.3.2",
      "requires": {
        "etag": "~1.7.0",
        "fresh": "0.3.0",
        "ms": "0.7.2",
        "parseurl": "~1.3.1"
      },
      "dependencies": {
        "ms": {
          "version": "0.7.2"
        }
      }
    },
    "serve-static": {
      "version": "1.11.1",
      "requires": {
        "encodeurl": "~1.0.1",
        "escape-html": "~1.0.3",
        "parseurl": "~1.3.1",
        "send": "0.14.1"
      }
    },
    "setprototypeof": {
      "version": "1.0.2"
    },
    "source-map": {
      "version": "0.4.4",
      "requires": {
        "amdefine": ">=0.0.4"
      }
    },
    "statuses": {
      "version": "1.3.1"
    },
    "stylus": {
      "version": "0.54.5",
      "requires": {
        "css-parse": "1.7.x",
        "debug": "*",
        "glob": "7.0.x",
        "mkdirp": "0.5.x",
        "sax": "0.5.x",
        "source-map": "0.1.x"
      },
      "dependencies": {
        "source-map": {
          "version": "0.1.43",
          "requires": {
            "amdefine": ">=0.0.4"
          }
        }
      }
    },
    "token-stream": {
      "version": "0.0.1"
    },
    "type-is": {
      "version": "1.6.14",
      "requires": {
        "media-typer": "0.3.0",
        "mime-types": "~2.1.13"
      }
    },
    "uglify-js": {
      "version": "2.7.5",
      "requires": {
        "async": "~0.2.6",
        "source-map": "~0.5.1",
        "uglify-to-browserify": "~1.0.0",
        "yargs": "~3.10.0"
      },
      "dependencies": {
        "source-map": {
          "version": "0.5.6"
        }
      }
    },
    "uglify-to-browserify": {
      "version": "1.0.2"
    },
    "unpipe": {
      "version": "1.0.0"
    },
    "utils-merge": {
      "version": "1.0.0"
    },
    "uuid": {
      "version": "9.0.0",
      "resolved": "https://registry.npmjs.org/uuid/-/uuid-9.0.0.tgz",
      "integrity": "sha512-MXcSTerfPa4uqyzStbRoTgt5XIe3x5+42+q1sDuy3R5MDk66URdLMOZe5aPX/SQd+kuYAh0FdP/pO28IkQyTeg=="
    },
    "vary": {
      "version": "1.1.0"
    },
    "void-elements": {
      "version": "2.0.1"
    },
    "window-size": {
      "version": "0.1.0"
    },
    "with": {
      "version": "5.1.1",
      "requires": {
        "acorn": "^3.1.0",
        "acorn-globals": "^3.0.0"
      }
    },
    "wordwrap": {
      "version": "0.0.2"
    },
    "wrappy": {
      "version": "1.0.2"
    },
    "yargs": {
      "version": "3.10.0",
      "requires": {
        "camelcase": "^1.0.2",
        "cliui": "^2.1.0",
        "decamelize": "^1.0.0",
        "window-size": "0.1.0"
      }
    }
  }
}
